
Microsoft Visual Studio Solution File, Format Version 12.00
# Visual Studio Version 17
VisualStudioVersion = 17.10.35201.131
MinimumVisualStudioVersion = 10.0.40219.1
Project("{FAE04EC0-301F-11D3-BF4B-00C04F79EFBC}") = "Social Mixy", "Social Mixy\Social Mixy.csproj", "{1F21D67D-A903-4E5B-A615-01E2910323F0}"
EndProject
Global
	GlobalSection(SolutionConfigurationPlatforms) = preSolution
		Debug|Any CPU = Debug|Any CPU
		Release|Any CPU = Release|Any CPU
	EndGlobalSection
	GlobalSection(ProjectConfigurationPlatforms) = postSolution
		{1F21D67D-A903-4E5B-A615-01E2910323F0}.Debug|Any CPU.ActiveCfg = Debug|Any CPU
		{1F21D67D-A903-4E5B-A615-01E2910323F0}.Debug|Any CPU.Build.0 = Debug|Any CPU
		{1F21D67D-A903-4E5B-A615-01E2910323F0}.Release|Any CPU.ActiveCfg = Release|Any CPU
		{1F21D67D-A903-4E5B-A615-01E2910323F0}.Release|Any CPU.Build.0 = Release|Any CPU
	EndGlobalSection
	GlobalSection(SolutionProperties) = preSolution
		HideSolutionNode = FALSE
	EndGlobalSection
	GlobalSection(ExtensibilityGlobals) = postSolution
		SolutionGuid = {E687A80B-F078-41C5-96CC-F8F0F97736CB}
	EndGlobalSection
EndGlobal
